{
  "object": {
    "pins": [
      {
        "package": "BLTNBoard",
        "repositoryURL": "https://github.com/alexisakers/BulletinBoard",
        "state": {
          "branch": null,
          "revision": "e8ba81d25e41e5d24d6a4f404ed28443d728723b",
          "version": "5.0.0"
        }
      },
      {
        "package": "GRDB",
        "repositoryURL": "https://github.com/groue/GRDB.swift.git",
        "state": {
          "branch": null,
          "revision": "32b2923e890df320906e64cbd0faca22a8bfda14",
          "version": "5.12.0"
        }
      },
      {
        "package": "Hero",
        "repositoryURL": "https://github.com/HeroTransitions/Hero",
        "state": {
          "branch": null,
          "revision": "efa709686035831b23b7bf58f652b0c4b892aa1d",
          "version": "1.6.1"
        }
      },
      {
        "package": "KeychainAccess",
        "repositoryURL": "https://github.com/kishikawakatsumi/KeychainAccess",
        "state": {
          "branch": null,
          "revision": "84e546727d66f1adc5439debad16270d0fdd04e7",
          "version": "4.2.2"
        }
      },
      {
        "package": "Nuke",
        "repositoryURL": "https://github.com/kean/Nuke",
        "state": {
          "branch": null,
          "revision": "7f73ceaeacd5df75a7994cd82e165ad9ff1815db",
          "version": "9.6.1"
        }
      },
      {
        "package": "SkeletonView",
        "repositoryURL": "https://github.com/Juanpe/SkeletonView",
        "state": {
          "branch": null,
          "revision": "ff1a7e299b20786774c1951e2cce2276ac4b8463",
          "version": "1.25.2"
        }
      },
      {
        "package": "SwiftyUserDefaults",
        "repositoryURL": "https://github.com/sunshinejr/SwiftyUserDefaults",
        "state": {
          "branch": null,
          "revision": "f66bcd04088582c8fbb5cb8554d577e303bae396",
          "version": "5.3.0"
        }
      },
      {
        "package": "UICircularProgressRing",
        "repositoryURL": "https://github.com/luispadron/UICircularProgressRing.git",
        "state": {
          "branch": null,
          "revision": "e41b35ffbff734f39d6b4b2ca488a17f487e73a3",
          "version": "8.0.0"
        }
      }
    ]
  },
  "version": 1
}
